
Microsoft Visual Studio Solution File, Format Version 12.00
# Visual Studio Version 17
VisualStudioVersion = 17.8.34525.116
MinimumVisualStudioVersion = 10.0.40219.1
Project("{FAE04EC0-301F-11D3-BF4B-00C04F79EFBC}") = "AspDotNetCoreWebAPILearning", "AspDotNetCoreWebAPILearning\AspDotNetCoreWebAPILearning.csproj", "{A044E691-C817-48B0-AE2E-930B9FAC0656}"
EndProject
Global
	GlobalSection(SolutionConfigurationPlatforms) = preSolution
		Debug|Any CPU = Debug|Any CPU
		Release|Any CPU = Release|Any CPU
	EndGlobalSection
	GlobalSection(ProjectConfigurationPlatforms) = postSolution
		{A044E691-C817-48B0-AE2E-930B9FAC0656}.Debug|Any CPU.ActiveCfg = Debug|Any CPU
		{A044E691-C817-48B0-AE2E-930B9FAC0656}.Debug|Any CPU.Build.0 = Debug|Any CPU
		{A044E691-C817-48B0-AE2E-930B9FAC0656}.Release|Any CPU.ActiveCfg = Release|Any CPU
		{A044E691-C817-48B0-AE2E-930B9FAC0656}.Release|Any CPU.Build.0 = Release|Any CPU
	EndGlobalSection
	GlobalSection(SolutionProperties) = preSolution
		HideSolutionNode = FALSE
	EndGlobalSection
	GlobalSection(ExtensibilityGlobals) = postSolution
		SolutionGuid = {B19FCE16-054F-40C4-8D29-DF6672009C7C}
	EndGlobalSection
EndGlobal
